// !$*UTF8*$!
{
	archiveVersion = 1;
	classes = {
	};
	objectVersion = 46;
	objects = {

/* Begin PBXBuildFile section */
		5315648314035506009A79E5 /* DKRestObject+GET.m in Sources */ = {isa = PBXBuildFile; fileRef = 5315648214035506009A79E5 /* DKRestObject+GET.m */; };
		531564CF140387DB009A79E5 /* DKPredicate.m in Sources */ = {isa = PBXBuildFile; fileRef = 531564AD140387DB009A79E5 /* DKPredicate.m */; };
		531564D0140387DB009A79E5 /* DKPredicateBuilder.m in Sources */ = {isa = PBXBuildFile; fileRef = 531564AF140387DB009A79E5 /* DKPredicateBuilder.m */; };
		531564D1140387DB009A79E5 /* NSArray+Enumurable.m in Sources */ = {isa = PBXBuildFile; fileRef = 531564B3140387DB009A79E5 /* NSArray+Enumurable.m */; };
		531564D2140387DB009A79E5 /* NSDate+Conversions.m in Sources */ = {isa = PBXBuildFile; fileRef = 531564B6140387DB009A79E5 /* NSDate+Conversions.m */; };
		531564D3140387DB009A79E5 /* NSDate+Initializers.m in Sources */ = {isa = PBXBuildFile; fileRef = 531564B8140387DB009A79E5 /* NSDate+Initializers.m */; };
		531564D4140387DB009A79E5 /* NSMutableArray+Reverse.m in Sources */ = {isa = PBXBuildFile; fileRef = 531564BB140387DB009A79E5 /* NSMutableArray+Reverse.m */; };
		531564D5140387DB009A79E5 /* NSNumber+Initializers.m in Sources */ = {isa = PBXBuildFile; fileRef = 531564BE140387DB009A79E5 /* NSNumber+Initializers.m */; };
		531564D6140387DB009A79E5 /* NSObject+DelayedBlock.m in Sources */ = {isa = PBXBuildFile; fileRef = 531564C1140387DB009A79E5 /* NSObject+DelayedBlock.m */; };
		531564D7140387DB009A79E5 /* NSString+Hash.m in Sources */ = {isa = PBXBuildFile; fileRef = 531564C4140387DB009A79E5 /* NSString+Hash.m */; };
		531564D8140387DB009A79E5 /* NSString+Inflections.m in Sources */ = {isa = PBXBuildFile; fileRef = 531564C6140387DB009A79E5 /* NSString+Inflections.m */; };
		531564D9140387DB009A79E5 /* NSString+Initializers.m in Sources */ = {isa = PBXBuildFile; fileRef = 531564C8140387DB009A79E5 /* NSString+Initializers.m */; };
		531564DA140387DB009A79E5 /* UIAlertView+Shortcuts.m in Sources */ = {isa = PBXBuildFile; fileRef = 531564CB140387DB009A79E5 /* UIAlertView+Shortcuts.m */; };
		531564DB140387DB009A79E5 /* UIViewController+ParentController.m in Sources */ = {isa = PBXBuildFile; fileRef = 531564CE140387DB009A79E5 /* UIViewController+ParentController.m */; };
		531564E0140387FA009A79E5 /* LoggerClient.m in Sources */ = {isa = PBXBuildFile; fileRef = 531564DE140387FA009A79E5 /* LoggerClient.m */; };
		531564E414039CE7009A79E5 /* DKRestObject+HTTP.m in Sources */ = {isa = PBXBuildFile; fileRef = 531564E314039CE7009A79E5 /* DKRestObject+HTTP.m */; };
		531564ED14039E41009A79E5 /* DKRestObject+DELETE.m in Sources */ = {isa = PBXBuildFile; fileRef = 531564E614039E40009A79E5 /* DKRestObject+DELETE.m */; };
		531564EF14039E41009A79E5 /* DKRestObject+POST.m in Sources */ = {isa = PBXBuildFile; fileRef = 531564EA14039E40009A79E5 /* DKRestObject+POST.m */; };
		531564F014039E41009A79E5 /* DKRestObject+PUT.m in Sources */ = {isa = PBXBuildFile; fileRef = 531564EC14039E41009A79E5 /* DKRestObject+PUT.m */; };
		531564FA1403A17D009A79E5 /* ImportableUsers.json in Resources */ = {isa = PBXBuildFile; fileRef = 531564F31403A17D009A79E5 /* ImportableUsers.json */; };
		531564FB1403A17D009A79E5 /* InvalidCafesFormat.json in Resources */ = {isa = PBXBuildFile; fileRef = 531564F41403A17D009A79E5 /* InvalidCafesFormat.json */; };
		531564FC1403A17D009A79E5 /* NonExistantModel.json in Resources */ = {isa = PBXBuildFile; fileRef = 531564F51403A17D009A79E5 /* NonExistantModel.json */; };
		531564FD1403A17D009A79E5 /* OddNumberOfUsers.json in Resources */ = {isa = PBXBuildFile; fileRef = 531564F61403A17D009A79E5 /* OddNumberOfUsers.json */; };
		531564FE1403A17D009A79E5 /* UsersWithComments.json in Resources */ = {isa = PBXBuildFile; fileRef = 531564F71403A17D009A79E5 /* UsersWithComments.json */; };
		531564FF1403A17D009A79E5 /* UsersWithNameKeithPitt.json in Resources */ = {isa = PBXBuildFile; fileRef = 531564F81403A17D009A79E5 /* UsersWithNameKeithPitt.json */; };
		531565001403A17E009A79E5 /* UsersWithNoIdentifiers.json in Resources */ = {isa = PBXBuildFile; fileRef = 531564F91403A17D009A79E5 /* UsersWithNoIdentifiers.json */; };
		537874B014010A0A00D9B746 /* main.m in Sources */ = {isa = PBXBuildFile; fileRef = 537874AF14010A0A00D9B746 /* main.m */; };
		537874BD14010A1F00D9B746 /* UIKit.framework in Frameworks */ = {isa = PBXBuildFile; fileRef = 537874BC14010A1F00D9B746 /* UIKit.framework */; };
		537874BF14010A2500D9B746 /* Foundation.framework in Frameworks */ = {isa = PBXBuildFile; fileRef = 537874BE14010A2500D9B746 /* Foundation.framework */; };
		537874D514010A5700D9B746 /* Cedar-iPhone.framework in Frameworks */ = {isa = PBXBuildFile; fileRef = 537874C114010A5700D9B746 /* Cedar-iPhone.framework */; };
		537874D614010A5700D9B746 /* libExpecta-ios-universal.a in Frameworks */ = {isa = PBXBuildFile; fileRef = 537874D214010A5700D9B746 /* libExpecta-ios-universal.a */; };
		53876BBB140A2237009F8171 /* DKAPIFormData.m in Sources */ = {isa = PBXBuildFile; fileRef = 53876BAB140A2237009F8171 /* DKAPIFormData.m */; };
		53876BBC140A2237009F8171 /* DKAPIInterceptor.m in Sources */ = {isa = PBXBuildFile; fileRef = 53876BAF140A2237009F8171 /* DKAPIInterceptor.m */; };
		53876BBD140A2237009F8171 /* DKAPIProgress.m in Sources */ = {isa = PBXBuildFile; fileRef = 53876BB3140A2237009F8171 /* DKAPIProgress.m */; };
		53876BBE140A2237009F8171 /* DKAPIRequest.m in Sources */ = {isa = PBXBuildFile; fileRef = 53876BB6140A2237009F8171 /* DKAPIRequest.m */; };
		53876BBF140A2237009F8171 /* DKAPIResponse.m in Sources */ = {isa = PBXBuildFile; fileRef = 53876BB8140A2237009F8171 /* DKAPIResponse.m */; };
		53876BC0140A2237009F8171 /* DKAPIStub.m in Sources */ = {isa = PBXBuildFile; fileRef = 53876BBA140A2237009F8171 /* DKAPIStub.m */; };
		53876BC4140A2297009F8171 /* DKRestObjectSpec.m in Sources */ = {isa = PBXBuildFile; fileRef = 53876BC3140A2297009F8171 /* DKRestObjectSpec.m */; };
		53FFD01314011CEC00E6B764 /* DKRestObject.m in Sources */ = {isa = PBXBuildFile; fileRef = 53FFD00C14011CEC00E6B764 /* DKRestObject.m */; };
		53FFD01414011CEC00E6B764 /* DKRestQuery.m in Sources */ = {isa = PBXBuildFile; fileRef = 53FFD00F14011CEC00E6B764 /* DKRestQuery.m */; };
		53FFD01514011CEC00E6B764 /* DKRestRouter.m in Sources */ = {isa = PBXBuildFile; fileRef = 53FFD01114011CEC00E6B764 /* DKRestRouter.m */; };
		53FFD01914011D3900E6B764 /* DKAPIRouterSpec.m in Sources */ = {isa = PBXBuildFile; fileRef = 53FFD01714011D3900E6B764 /* DKAPIRouterSpec.m */; };
		53FFD01A14011D3900E6B764 /* DKRestResourceQuerySpec.m in Sources */ = {isa = PBXBuildFile; fileRef = 53FFD01814011D3900E6B764 /* DKRestResourceQuerySpec.m */; };
		53FFD01E14011D4600E6B764 /* FGSpecRemoteUser.m in Sources */ = {isa = PBXBuildFile; fileRef = 53FFD01D14011D4600E6B764 /* FGSpecRemoteUser.m */; };
		53FFD05114011D7E00E6B764 /* ASIAuthenticationDialog.m in Sources */ = {isa = PBXBuildFile; fileRef = 53FFD02D14011D7E00E6B764 /* ASIAuthenticationDialog.m */; };
		53FFD05214011D7E00E6B764 /* ASIDataCompressor.m in Sources */ = {isa = PBXBuildFile; fileRef = 53FFD03014011D7E00E6B764 /* ASIDataCompressor.m */; };
		53FFD05314011D7E00E6B764 /* ASIDataDecompressor.m in Sources */ = {isa = PBXBuildFile; fileRef = 53FFD03214011D7E00E6B764 /* ASIDataDecompressor.m */; };
		53FFD05414011D7E00E6B764 /* ASIDownloadCache.m in Sources */ = {isa = PBXBuildFile; fileRef = 53FFD03414011D7E00E6B764 /* ASIDownloadCache.m */; };
		53FFD05514011D7E00E6B764 /* ASIFormDataRequest.m in Sources */ = {isa = PBXBuildFile; fileRef = 53FFD03614011D7E00E6B764 /* ASIFormDataRequest.m */; };
		53FFD05614011D7E00E6B764 /* ASIHTTPRequest.m in Sources */ = {isa = PBXBuildFile; fileRef = 53FFD03814011D7E00E6B764 /* ASIHTTPRequest.m */; };
		53FFD05714011D7E00E6B764 /* ASIInputStream.m in Sources */ = {isa = PBXBuildFile; fileRef = 53FFD03C14011D7E00E6B764 /* ASIInputStream.m */; };
		53FFD05814011D7E00E6B764 /* ASINetworkQueue.m in Sources */ = {isa = PBXBuildFile; fileRef = 53FFD03E14011D7E00E6B764 /* ASINetworkQueue.m */; };
		53FFD05914011D7E00E6B764 /* NSObject+SBJSON.m in Sources */ = {isa = PBXBuildFile; fileRef = 53FFD04314011D7E00E6B764 /* NSObject+SBJSON.m */; };
		53FFD05A14011D7E00E6B764 /* NSString+SBJSON.m in Sources */ = {isa = PBXBuildFile; fileRef = 53FFD04514011D7E00E6B764 /* NSString+SBJSON.m */; };
		53FFD05B14011D7E00E6B764 /* SBJSON.m in Sources */ = {isa = PBXBuildFile; fileRef = 53FFD04714011D7E00E6B764 /* SBJSON.m */; };
		53FFD05C14011D7E00E6B764 /* SBJsonBase.m in Sources */ = {isa = PBXBuildFile; fileRef = 53FFD04914011D7E00E6B764 /* SBJsonBase.m */; };
		53FFD05D14011D7E00E6B764 /* SBJsonParser.m in Sources */ = {isa = PBXBuildFile; fileRef = 53FFD04B14011D7E00E6B764 /* SBJsonParser.m */; };
		53FFD05E14011D7E00E6B764 /* SBJsonWriter.m in Sources */ = {isa = PBXBuildFile; fileRef = 53FFD04D14011D7E00E6B764 /* SBJsonWriter.m */; };
		53FFD05F14011D7E00E6B764 /* Reachability.m in Sources */ = {isa = PBXBuildFile; fileRef = 53FFD05014011D7E00E6B764 /* Reachability.m */; };
		53FFD09714011D8D00E6B764 /* ISO8601DateFormatter.m in Sources */ = {isa = PBXBuildFile; fileRef = 53FFD09314011D8D00E6B764 /* ISO8601DateFormatter.m */; };
		53FFD09814011D8D00E6B764 /* RegexKitLite.m in Sources */ = {isa = PBXBuildFile; fileRef = 53FFD09614011D8D00E6B764 /* RegexKitLite.m */; };
		53FFD09E14011ED500E6B764 /* DKFile.m in Sources */ = {isa = PBXBuildFile; fileRef = 53FFD09D14011ED500E6B764 /* DKFile.m */; };
		53FFD0A714011EE000E6B764 /* DKCoreData.m in Sources */ = {isa = PBXBuildFile; fileRef = 53FFD0A014011EE000E6B764 /* DKCoreData.m */; };
		53FFD0A814011EE000E6B764 /* DKCoreDataImporter.m in Sources */ = {isa = PBXBuildFile; fileRef = 53FFD0A214011EE000E6B764 /* DKCoreDataImporter.m */; };
		53FFD0A914011EE000E6B764 /* DKCoreDataQuery.m in Sources */ = {isa = PBXBuildFile; fileRef = 53FFD0A414011EE000E6B764 /* DKCoreDataQuery.m */; };
		53FFD0AA14011EE000E6B764 /* DKManagedObject.m in Sources */ = {isa = PBXBuildFile; fileRef = 53FFD0A614011EE000E6B764 /* DKManagedObject.m */; };
		53FFD0BA14011F2200E6B764 /* FGSpecCafe.m in Sources */ = {isa = PBXBuildFile; fileRef = 53FFD0AD14011F2200E6B764 /* FGSpecCafe.m */; };
		53FFD0BB14011F2200E6B764 /* FGSpecComment.m in Sources */ = {isa = PBXBuildFile; fileRef = 53FFD0AF14011F2200E6B764 /* FGSpecComment.m */; };
		53FFD0BC14011F2200E6B764 /* FGSpecImportableUser.m in Sources */ = {isa = PBXBuildFile; fileRef = 53FFD0B114011F2200E6B764 /* FGSpecImportableUser.m */; };
		53FFD0BD14011F2200E6B764 /* FGSpecPost.m in Sources */ = {isa = PBXBuildFile; fileRef = 53FFD0B314011F2200E6B764 /* FGSpecPost.m */; };
		53FFD0BE14011F2200E6B764 /* FGSpecProfile.m in Sources */ = {isa = PBXBuildFile; fileRef = 53FFD0B514011F2200E6B764 /* FGSpecProfile.m */; };
		53FFD0BF14011F2200E6B764 /* FGSpecUser.m in Sources */ = {isa = PBXBuildFile; fileRef = 53FFD0B714011F2200E6B764 /* FGSpecUser.m */; };
		53FFD0C014011F2200E6B764 /* Specs.xcdatamodeld in Sources */ = {isa = PBXBuildFile; fileRef = 53FFD0B814011F2200E6B764 /* Specs.xcdatamodeld */; };
		53FFD0C214011F3800E6B764 /* CoreData.framework in Frameworks */ = {isa = PBXBuildFile; fileRef = 53FFD0C114011F3800E6B764 /* CoreData.framework */; };
		53FFD0C414011F3D00E6B764 /* libicucore.dylib in Frameworks */ = {isa = PBXBuildFile; fileRef = 53FFD0C314011F3D00E6B764 /* libicucore.dylib */; };
		53FFD0C614011F5100E6B764 /* CoreGraphics.framework in Frameworks */ = {isa = PBXBuildFile; fileRef = 53FFD0C514011F5100E6B764 /* CoreGraphics.framework */; };
		53FFD0C814011F5E00E6B764 /* SystemConfiguration.framework in Frameworks */ = {isa = PBXBuildFile; fileRef = 53FFD0C714011F5E00E6B764 /* SystemConfiguration.framework */; };
		53FFD0CA14011F6200E6B764 /* CFNetwork.framework in Frameworks */ = {isa = PBXBuildFile; fileRef = 53FFD0C914011F6200E6B764 /* CFNetwork.framework */; };
		53FFD0CC14011F7200E6B764 /* libz.dylib in Frameworks */ = {isa = PBXBuildFile; fileRef = 53FFD0CB14011F7200E6B764 /* libz.dylib */; };
		53FFD0CE14011F7C00E6B764 /* MobileCoreServices.framework in Frameworks */ = {isa = PBXBuildFile; fileRef = 53FFD0CD14011F7C00E6B764 /* MobileCoreServices.framework */; };
/* End PBXBuildFile section */

/* Begin PBXFileReference section */
		5315648114035506009A79E5 /* DKRestObject+GET.h */ = {isa = PBXFileReference; fileEncoding = 4; lastKnownFileType = sourcecode.c.h; path = "DKRestObject+GET.h"; sourceTree = "<group>"; };
		5315648214035506009A79E5 /* DKRestObject+GET.m */ = {isa = PBXFileReference; fileEncoding = 4; lastKnownFileType = sourcecode.c.objc; path = "DKRestObject+GET.m"; sourceTree = "<group>"; };
		531564A914038591009A79E5 /* DKRestCacheStrategy.h */ = {isa = PBXFileReference; fileEncoding = 4; lastKnownFileType = sourcecode.c.h; path = DKRestCacheStrategy.h; sourceTree = "<group>"; };
		531564AA140387DB009A79E5 /* DKLogger.h */ = {isa = PBXFileReference; fileEncoding = 4; lastKnownFileType = sourcecode.c.h; name = DKLogger.h; path = DKSupport/Classes/DKLogger.h; sourceTree = "<group>"; };
		531564AC140387DB009A79E5 /* DKPredicate.h */ = {isa = PBXFileReference; fileEncoding = 4; lastKnownFileType = sourcecode.c.h; path = DKPredicate.h; sourceTree = "<group>"; };
		531564AD140387DB009A79E5 /* DKPredicate.m */ = {isa = PBXFileReference; fileEncoding = 4; lastKnownFileType = sourcecode.c.objc; path = DKPredicate.m; sourceTree = "<group>"; };
		531564AE140387DB009A79E5 /* DKPredicateBuilder.h */ = {isa = PBXFileReference; fileEncoding = 4; lastKnownFileType = sourcecode.c.h; path = DKPredicateBuilder.h; sourceTree = "<group>"; };
		531564AF140387DB009A79E5 /* DKPredicateBuilder.m */ = {isa = PBXFileReference; fileEncoding = 4; lastKnownFileType = sourcecode.c.objc; path = DKPredicateBuilder.m; sourceTree = "<group>"; };
		531564B0140387DB009A79E5 /* DKSupport.h */ = {isa = PBXFileReference; fileEncoding = 4; lastKnownFileType = sourcecode.c.h; name = DKSupport.h; path = DKSupport/Classes/DKSupport.h; sourceTree = "<group>"; };
		531564B2140387DB009A79E5 /* NSArray+Enumurable.h */ = {isa = PBXFileReference; fileEncoding = 4; lastKnownFileType = sourcecode.c.h; path = "NSArray+Enumurable.h"; sourceTree = "<group>"; };
		531564B3140387DB009A79E5 /* NSArray+Enumurable.m */ = {isa = PBXFileReference; fileEncoding = 4; lastKnownFileType = sourcecode.c.objc; path = "NSArray+Enumurable.m"; sourceTree = "<group>"; };
		531564B5140387DB009A79E5 /* NSDate+Conversions.h */ = {isa = PBXFileReference; fileEncoding = 4; lastKnownFileType = sourcecode.c.h; path = "NSDate+Conversions.h"; sourceTree = "<group>"; };
		531564B6140387DB009A79E5 /* NSDate+Conversions.m */ = {isa = PBXFileReference; fileEncoding = 4; lastKnownFileType = sourcecode.c.objc; path = "NSDate+Conversions.m"; sourceTree = "<group>"; };
		531564B7140387DB009A79E5 /* NSDate+Initializers.h */ = {isa = PBXFileReference; fileEncoding = 4; lastKnownFileType = sourcecode.c.h; path = "NSDate+Initializers.h"; sourceTree = "<group>"; };
		531564B8140387DB009A79E5 /* NSDate+Initializers.m */ = {isa = PBXFileReference; fileEncoding = 4; lastKnownFileType = sourcecode.c.objc; path = "NSDate+Initializers.m"; sourceTree = "<group>"; };
		531564BA140387DB009A79E5 /* NSMutableArray+Reverse.h */ = {isa = PBXFileReference; fileEncoding = 4; lastKnownFileType = sourcecode.c.h; path = "NSMutableArray+Reverse.h"; sourceTree = "<group>"; };
		531564BB140387DB009A79E5 /* NSMutableArray+Reverse.m */ = {isa = PBXFileReference; fileEncoding = 4; lastKnownFileType = sourcecode.c.objc; path = "NSMutableArray+Reverse.m"; sourceTree = "<group>"; };
		531564BD140387DB009A79E5 /* NSNumber+Initializers.h */ = {isa = PBXFileReference; fileEncoding = 4; lastKnownFileType = sourcecode.c.h; path = "NSNumber+Initializers.h"; sourceTree = "<group>"; };
		531564BE140387DB009A79E5 /* NSNumber+Initializers.m */ = {isa = PBXFileReference; fileEncoding = 4; lastKnownFileType = sourcecode.c.objc; path = "NSNumber+Initializers.m"; sourceTree = "<group>"; };
		531564C0140387DB009A79E5 /* NSObject+DelayedBlock.h */ = {isa = PBXFileReference; fileEncoding = 4; lastKnownFileType = sourcecode.c.h; path = "NSObject+DelayedBlock.h"; sourceTree = "<group>"; };
		531564C1140387DB009A79E5 /* NSObject+DelayedBlock.m */ = {isa = PBXFileReference; fileEncoding = 4; lastKnownFileType = sourcecode.c.objc; path = "NSObject+DelayedBlock.m"; sourceTree = "<group>"; };
		531564C3140387DB009A79E5 /* NSString+Hash.h */ = {isa = PBXFileReference; fileEncoding = 4; lastKnownFileType = sourcecode.c.h; path = "NSString+Hash.h"; sourceTree = "<group>"; };
		531564C4140387DB009A79E5 /* NSString+Hash.m */ = {isa = PBXFileReference; fileEncoding = 4; lastKnownFileType = sourcecode.c.objc; path = "NSString+Hash.m"; sourceTree = "<group>"; };
		531564C5140387DB009A79E5 /* NSString+Inflections.h */ = {isa = PBXFileReference; fileEncoding = 4; lastKnownFileType = sourcecode.c.h; path = "NSString+Inflections.h"; sourceTree = "<group>"; };
		531564C6140387DB009A79E5 /* NSString+Inflections.m */ = {isa = PBXFileReference; fileEncoding = 4; lastKnownFileType = sourcecode.c.objc; path = "NSString+Inflections.m"; sourceTree = "<group>"; };
		531564C7140387DB009A79E5 /* NSString+Initializers.h */ = {isa = PBXFileReference; fileEncoding = 4; lastKnownFileType = sourcecode.c.h; path = "NSString+Initializers.h"; sourceTree = "<group>"; };
		531564C8140387DB009A79E5 /* NSString+Initializers.m */ = {isa = PBXFileReference; fileEncoding = 4; lastKnownFileType = sourcecode.c.objc; path = "NSString+Initializers.m"; sourceTree = "<group>"; };
		531564CA140387DB009A79E5 /* UIAlertView+Shortcuts.h */ = {isa = PBXFileReference; fileEncoding = 4; lastKnownFileType = sourcecode.c.h; path = "UIAlertView+Shortcuts.h"; sourceTree = "<group>"; };
		531564CB140387DB009A79E5 /* UIAlertView+Shortcuts.m */ = {isa = PBXFileReference; fileEncoding = 4; lastKnownFileType = sourcecode.c.objc; path = "UIAlertView+Shortcuts.m"; sourceTree = "<group>"; };
		531564CD140387DB009A79E5 /* UIViewController+ParentController.h */ = {isa = PBXFileReference; fileEncoding = 4; lastKnownFileType = sourcecode.c.h; path = "UIViewController+ParentController.h"; sourceTree = "<group>"; };
		531564CE140387DB009A79E5 /* UIViewController+ParentController.m */ = {isa = PBXFileReference; fileEncoding = 4; lastKnownFileType = sourcecode.c.objc; path = "UIViewController+ParentController.m"; sourceTree = "<group>"; };
		531564DD140387FA009A79E5 /* LoggerClient.h */ = {isa = PBXFileReference; fileEncoding = 4; lastKnownFileType = sourcecode.c.h; path = LoggerClient.h; sourceTree = "<group>"; };
		531564DE140387FA009A79E5 /* LoggerClient.m */ = {isa = PBXFileReference; fileEncoding = 4; lastKnownFileType = sourcecode.c.objc; path = LoggerClient.m; sourceTree = "<group>"; };
		531564DF140387FA009A79E5 /* LoggerCommon.h */ = {isa = PBXFileReference; fileEncoding = 4; lastKnownFileType = sourcecode.c.h; path = LoggerCommon.h; sourceTree = "<group>"; };
		531564E214039CE7009A79E5 /* DKRestObject+HTTP.h */ = {isa = PBXFileReference; fileEncoding = 4; lastKnownFileType = sourcecode.c.h; path = "DKRestObject+HTTP.h"; sourceTree = "<group>"; };
		531564E314039CE7009A79E5 /* DKRestObject+HTTP.m */ = {isa = PBXFileReference; fileEncoding = 4; lastKnownFileType = sourcecode.c.objc; path = "DKRestObject+HTTP.m"; sourceTree = "<group>"; };
		531564E514039E40009A79E5 /* DKRestObject+DELETE.h */ = {isa = PBXFileReference; fileEncoding = 4; lastKnownFileType = sourcecode.c.h; path = "DKRestObject+DELETE.h"; sourceTree = "<group>"; };
		531564E614039E40009A79E5 /* DKRestObject+DELETE.m */ = {isa = PBXFileReference; fileEncoding = 4; lastKnownFileType = sourcecode.c.objc; path = "DKRestObject+DELETE.m"; sourceTree = "<group>"; };
		531564E914039E40009A79E5 /* DKRestObject+POST.h */ = {isa = PBXFileReference; fileEncoding = 4; lastKnownFileType = sourcecode.c.h; path = "DKRestObject+POST.h"; sourceTree = "<group>"; };
		531564EA14039E40009A79E5 /* DKRestObject+POST.m */ = {isa = PBXFileReference; fileEncoding = 4; lastKnownFileType = sourcecode.c.objc; path = "DKRestObject+POST.m"; sourceTree = "<group>"; };
		531564EB14039E41009A79E5 /* DKRestObject+PUT.h */ = {isa = PBXFileReference; fileEncoding = 4; lastKnownFileType = sourcecode.c.h; path = "DKRestObject+PUT.h"; sourceTree = "<group>"; };
		531564EC14039E41009A79E5 /* DKRestObject+PUT.m */ = {isa = PBXFileReference; fileEncoding = 4; lastKnownFileType = sourcecode.c.objc; path = "DKRestObject+PUT.m"; sourceTree = "<group>"; };
		531564F114039F95009A79E5 /* DKRest.h */ = {isa = PBXFileReference; fileEncoding = 4; lastKnownFileType = sourcecode.c.h; path = DKRest.h; sourceTree = "<group>"; };
		531564F31403A17D009A79E5 /* ImportableUsers.json */ = {isa = PBXFileReference; fileEncoding = 4; lastKnownFileType = text.json; path = ImportableUsers.json; sourceTree = "<group>"; };
		531564F41403A17D009A79E5 /* InvalidCafesFormat.json */ = {isa = PBXFileReference; fileEncoding = 4; lastKnownFileType = text.json; path = InvalidCafesFormat.json; sourceTree = "<group>"; };
		531564F51403A17D009A79E5 /* NonExistantModel.json */ = {isa = PBXFileReference; fileEncoding = 4; lastKnownFileType = text.json; path = NonExistantModel.json; sourceTree = "<group>"; };
		531564F61403A17D009A79E5 /* OddNumberOfUsers.json */ = {isa = PBXFileReference; fileEncoding = 4; lastKnownFileType = text.json; path = OddNumberOfUsers.json; sourceTree = "<group>"; };
		531564F71403A17D009A79E5 /* UsersWithComments.json */ = {isa = PBXFileReference; fileEncoding = 4; lastKnownFileType = text.json; path = UsersWithComments.json; sourceTree = "<group>"; };
		531564F81403A17D009A79E5 /* UsersWithNameKeithPitt.json */ = {isa = PBXFileReference; fileEncoding = 4; lastKnownFileType = text.json; path = UsersWithNameKeithPitt.json; sourceTree = "<group>"; };
		531564F91403A17D009A79E5 /* UsersWithNoIdentifiers.json */ = {isa = PBXFileReference; fileEncoding = 4; lastKnownFileType = text.json; path = UsersWithNoIdentifiers.json; sourceTree = "<group>"; };
		5378749F14010A0A00D9B746 /* Specs.app */ = {isa = PBXFileReference; explicitFileType = wrapper.application; includeInIndex = 0; path = Specs.app; sourceTree = BUILT_PRODUCTS_DIR; };
		537874AB14010A0A00D9B746 /* Specs-Info.plist */ = {isa = PBXFileReference; lastKnownFileType = text.plist.xml; path = "Specs-Info.plist"; sourceTree = "<group>"; };
		537874AF14010A0A00D9B746 /* main.m */ = {isa = PBXFileReference; lastKnownFileType = sourcecode.c.objc; path = main.m; sourceTree = "<group>"; };
		537874B114010A0A00D9B746 /* Specs-Prefix.pch */ = {isa = PBXFileReference; lastKnownFileType = sourcecode.c.h; path = "Specs-Prefix.pch"; sourceTree = "<group>"; };
		537874BC14010A1F00D9B746 /* UIKit.framework */ = {isa = PBXFileReference; lastKnownFileType = wrapper.framework; name = UIKit.framework; path = Platforms/iPhoneOS.platform/Developer/SDKs/iPhoneOS4.3.sdk/System/Library/Frameworks/UIKit.framework; sourceTree = DEVELOPER_DIR; };
		537874BE14010A2500D9B746 /* Foundation.framework */ = {isa = PBXFileReference; lastKnownFileType = wrapper.framework; name = Foundation.framework; path = Platforms/iPhoneOS.platform/Developer/SDKs/iPhoneOS4.3.sdk/System/Library/Frameworks/Foundation.framework; sourceTree = DEVELOPER_DIR; };
		537874C114010A5700D9B746 /* Cedar-iPhone.framework */ = {isa = PBXFileReference; lastKnownFileType = wrapper.framework; name = "Cedar-iPhone.framework"; path = "External/Cedar-iPhone.framework"; sourceTree = "<group>"; };
		537874C314010A5700D9B746 /* Expecta.h */ = {isa = PBXFileReference; fileEncoding = 4; lastKnownFileType = sourcecode.c.h; path = Expecta.h; sourceTree = "<group>"; };
		537874C414010A5700D9B746 /* ExpectaSupport.h */ = {isa = PBXFileReference; fileEncoding = 4; lastKnownFileType = sourcecode.c.h; path = ExpectaSupport.h; sourceTree = "<group>"; };
		537874C514010A5700D9B746 /* EXPExpect.h */ = {isa = PBXFileReference; fileEncoding = 4; lastKnownFileType = sourcecode.c.h; path = EXPExpect.h; sourceTree = "<group>"; };
		537874C614010A5700D9B746 /* EXPMatcherHelpers.h */ = {isa = PBXFileReference; fileEncoding = 4; lastKnownFileType = sourcecode.c.h; path = EXPMatcherHelpers.h; sourceTree = "<group>"; };
		537874C714010A5700D9B746 /* EXPMatchers+toBeFalsy.h */ = {isa = PBXFileReference; fileEncoding = 4; lastKnownFileType = sourcecode.c.h; path = "EXPMatchers+toBeFalsy.h"; sourceTree = "<group>"; };
		537874C814010A5700D9B746 /* EXPMatchers+toBeIdenticalTo.h */ = {isa = PBXFileReference; fileEncoding = 4; lastKnownFileType = sourcecode.c.h; path = "EXPMatchers+toBeIdenticalTo.h"; sourceTree = "<group>"; };
		537874C914010A5700D9B746 /* EXPMatchers+toBeInstanceOf.h */ = {isa = PBXFileReference; fileEncoding = 4; lastKnownFileType = sourcecode.c.h; path = "EXPMatchers+toBeInstanceOf.h"; sourceTree = "<group>"; };
		537874CA14010A5700D9B746 /* EXPMatchers+toBeKindOf.h */ = {isa = PBXFileReference; fileEncoding = 4; lastKnownFileType = sourcecode.c.h; path = "EXPMatchers+toBeKindOf.h"; sourceTree = "<group>"; };
		537874CB14010A5700D9B746 /* EXPMatchers+toBeNil.h */ = {isa = PBXFileReference; fileEncoding = 4; lastKnownFileType = sourcecode.c.h; path = "EXPMatchers+toBeNil.h"; sourceTree = "<group>"; };
		537874CC14010A5700D9B746 /* EXPMatchers+toBeSubclassOf.h */ = {isa = PBXFileReference; fileEncoding = 4; lastKnownFileType = sourcecode.c.h; path = "EXPMatchers+toBeSubclassOf.h"; sourceTree = "<group>"; };
		537874CD14010A5700D9B746 /* EXPMatchers+toBeTruthy.h */ = {isa = PBXFileReference; fileEncoding = 4; lastKnownFileType = sourcecode.c.h; path = "EXPMatchers+toBeTruthy.h"; sourceTree = "<group>"; };
		537874CE14010A5700D9B746 /* EXPMatchers+toContain.h */ = {isa = PBXFileReference; fileEncoding = 4; lastKnownFileType = sourcecode.c.h; path = "EXPMatchers+toContain.h"; sourceTree = "<group>"; };
		537874CF14010A5700D9B746 /* EXPMatchers+toEqual.h */ = {isa = PBXFileReference; fileEncoding = 4; lastKnownFileType = sourcecode.c.h; path = "EXPMatchers+toEqual.h"; sourceTree = "<group>"; };
		537874D014010A5700D9B746 /* EXPMatchers.h */ = {isa = PBXFileReference; fileEncoding = 4; lastKnownFileType = sourcecode.c.h; path = EXPMatchers.h; sourceTree = "<group>"; };
		537874D114010A5700D9B746 /* EXPUnsupportedObject.h */ = {isa = PBXFileReference; fileEncoding = 4; lastKnownFileType = sourcecode.c.h; path = EXPUnsupportedObject.h; sourceTree = "<group>"; };
		537874D214010A5700D9B746 /* libExpecta-ios-universal.a */ = {isa = PBXFileReference; lastKnownFileType = archive.ar; path = "libExpecta-ios-universal.a"; sourceTree = "<group>"; };
		537874D314010A5700D9B746 /* NSObject+Expecta.h */ = {isa = PBXFileReference; fileEncoding = 4; lastKnownFileType = sourcecode.c.h; path = "NSObject+Expecta.h"; sourceTree = "<group>"; };
		537874D414010A5700D9B746 /* NSValue+Expecta.h */ = {isa = PBXFileReference; fileEncoding = 4; lastKnownFileType = sourcecode.c.h; path = "NSValue+Expecta.h"; sourceTree = "<group>"; };
		53876BA9140A2237009F8171 /* DKAPICacheStrategy.h */ = {isa = PBXFileReference; fileEncoding = 4; lastKnownFileType = sourcecode.c.h; name = DKAPICacheStrategy.h; path = DKAPIRequest/Classes/DKAPICacheStrategy.h; sourceTree = "<group>"; };
		53876BAA140A2237009F8171 /* DKAPIFormData.h */ = {isa = PBXFileReference; fileEncoding = 4; lastKnownFileType = sourcecode.c.h; name = DKAPIFormData.h; path = DKAPIRequest/Classes/DKAPIFormData.h; sourceTree = "<group>"; };
		53876BAB140A2237009F8171 /* DKAPIFormData.m */ = {isa = PBXFileReference; fileEncoding = 4; lastKnownFileType = sourcecode.c.objc; name = DKAPIFormData.m; path = DKAPIRequest/Classes/DKAPIFormData.m; sourceTree = "<group>"; };
		53876BAC140A2237009F8171 /* DKAPIFormDataProtocol.h */ = {isa = PBXFileReference; fileEncoding = 4; lastKnownFileType = sourcecode.c.h; name = DKAPIFormDataProtocol.h; path = DKAPIRequest/Classes/DKAPIFormDataProtocol.h; sourceTree = "<group>"; };
		53876BAD140A2237009F8171 /* DKAPIFormDataType.h */ = {isa = PBXFileReference; fileEncoding = 4; lastKnownFileType = sourcecode.c.h; name = DKAPIFormDataType.h; path = DKAPIRequest/Classes/DKAPIFormDataType.h; sourceTree = "<group>"; };
		53876BAE140A2237009F8171 /* DKAPIInterceptor.h */ = {isa = PBXFileReference; fileEncoding = 4; lastKnownFileType = sourcecode.c.h; name = DKAPIInterceptor.h; path = DKAPIRequest/Classes/DKAPIInterceptor.h; sourceTree = "<group>"; };
		53876BAF140A2237009F8171 /* DKAPIInterceptor.m */ = {isa = PBXFileReference; fileEncoding = 4; lastKnownFileType = sourcecode.c.objc; name = DKAPIInterceptor.m; path = DKAPIRequest/Classes/DKAPIInterceptor.m; sourceTree = "<group>"; };
		53876BB0140A2237009F8171 /* DKAPIInterceptorProtocol.h */ = {isa = PBXFileReference; fileEncoding = 4; lastKnownFileType = sourcecode.c.h; name = DKAPIInterceptorProtocol.h; path = DKAPIRequest/Classes/DKAPIInterceptorProtocol.h; sourceTree = "<group>"; };
		53876BB1140A2237009F8171 /* DKAPILogger.h */ = {isa = PBXFileReference; fileEncoding = 4; lastKnownFileType = sourcecode.c.h; name = DKAPILogger.h; path = DKAPIRequest/Classes/DKAPILogger.h; sourceTree = "<group>"; };
		53876BB2140A2237009F8171 /* DKAPIProgress.h */ = {isa = PBXFileReference; fileEncoding = 4; lastKnownFileType = sourcecode.c.h; name = DKAPIProgress.h; path = DKAPIRequest/Classes/DKAPIProgress.h; sourceTree = "<group>"; };
		53876BB3140A2237009F8171 /* DKAPIProgress.m */ = {isa = PBXFileReference; fileEncoding = 4; lastKnownFileType = sourcecode.c.objc; name = DKAPIProgress.m; path = DKAPIRequest/Classes/DKAPIProgress.m; sourceTree = "<group>"; };
		53876BB4140A2237009F8171 /* DKAPIProgressProtocol.h */ = {isa = PBXFileReference; fileEncoding = 4; lastKnownFileType = sourcecode.c.h; name = DKAPIProgressProtocol.h; path = DKAPIRequest/Classes/DKAPIProgressProtocol.h; sourceTree = "<group>"; };
		53876BB5140A2237009F8171 /* DKAPIRequest.h */ = {isa = PBXFileReference; fileEncoding = 4; lastKnownFileType = sourcecode.c.h; name = DKAPIRequest.h; path = DKAPIRequest/Classes/DKAPIRequest.h; sourceTree = "<group>"; };
		53876BB6140A2237009F8171 /* DKAPIRequest.m */ = {isa = PBXFileReference; fileEncoding = 4; lastKnownFileType = sourcecode.c.objc; name = DKAPIRequest.m; path = DKAPIRequest/Classes/DKAPIRequest.m; sourceTree = "<group>"; };
		53876BB7140A2237009F8171 /* DKAPIResponse.h */ = {isa = PBXFileReference; fileEncoding = 4; lastKnownFileType = sourcecode.c.h; name = DKAPIResponse.h; path = DKAPIRequest/Classes/DKAPIResponse.h; sourceTree = "<group>"; };
		53876BB8140A2237009F8171 /* DKAPIResponse.m */ = {isa = PBXFileReference; fileEncoding = 4; lastKnownFileType = sourcecode.c.objc; name = DKAPIResponse.m; path = DKAPIRequest/Classes/DKAPIResponse.m; sourceTree = "<group>"; };
		53876BB9140A2237009F8171 /* DKAPIStub.h */ = {isa = PBXFileReference; fileEncoding = 4; lastKnownFileType = sourcecode.c.h; name = DKAPIStub.h; path = DKAPIRequest/Classes/DKAPIStub.h; sourceTree = "<group>"; };
		53876BBA140A2237009F8171 /* DKAPIStub.m */ = {isa = PBXFileReference; fileEncoding = 4; lastKnownFileType = sourcecode.c.objc; name = DKAPIStub.m; path = DKAPIRequest/Classes/DKAPIStub.m; sourceTree = "<group>"; };
		53876BC3140A2297009F8171 /* DKRestObjectSpec.m */ = {isa = PBXFileReference; fileEncoding = 4; lastKnownFileType = sourcecode.c.objc; name = DKRestObjectSpec.m; path = Specs/DKRestObjectSpec.m; sourceTree = "<group>"; };
		53FFD00B14011CEC00E6B764 /* DKRestObject.h */ = {isa = PBXFileReference; fileEncoding = 4; lastKnownFileType = sourcecode.c.h; path = DKRestObject.h; sourceTree = "<group>"; };
		53FFD00C14011CEC00E6B764 /* DKRestObject.m */ = {isa = PBXFileReference; fileEncoding = 4; lastKnownFileType = sourcecode.c.objc; path = DKRestObject.m; sourceTree = "<group>"; };
		53FFD00D14011CEC00E6B764 /* DKRestObjectProtocol.h */ = {isa = PBXFileReference; fileEncoding = 4; lastKnownFileType = sourcecode.c.h; path = DKRestObjectProtocol.h; sourceTree = "<group>"; };
		53FFD00E14011CEC00E6B764 /* DKRestQuery.h */ = {isa = PBXFileReference; fileEncoding = 4; lastKnownFileType = sourcecode.c.h; path = DKRestQuery.h; sourceTree = "<group>"; };
		53FFD00F14011CEC00E6B764 /* DKRestQuery.m */ = {isa = PBXFileReference; fileEncoding = 4; lastKnownFileType = sourcecode.c.objc; path = DKRestQuery.m; sourceTree = "<group>"; };
		53FFD01014011CEC00E6B764 /* DKRestRouter.h */ = {isa = PBXFileReference; fileEncoding = 4; lastKnownFileType = sourcecode.c.h; path = DKRestRouter.h; sourceTree = "<group>"; };
		53FFD01114011CEC00E6B764 /* DKRestRouter.m */ = {isa = PBXFileReference; fileEncoding = 4; lastKnownFileType = sourcecode.c.objc; path = DKRestRouter.m; sourceTree = "<group>"; };
		53FFD01214011CEC00E6B764 /* DKRestRouterProtocol.h */ = {isa = PBXFileReference; fileEncoding = 4; lastKnownFileType = sourcecode.c.h; path = DKRestRouterProtocol.h; sourceTree = "<group>"; };
		53FFD01714011D3900E6B764 /* DKAPIRouterSpec.m */ = {isa = PBXFileReference; fileEncoding = 4; lastKnownFileType = sourcecode.c.objc; name = DKAPIRouterSpec.m; path = Specs/DKAPIRouterSpec.m; sourceTree = "<group>"; };
		53FFD01814011D3900E6B764 /* DKRestResourceQuerySpec.m */ = {isa = PBXFileReference; fileEncoding = 4; lastKnownFileType = sourcecode.c.objc; name = DKRestResourceQuerySpec.m; path = Specs/DKRestResourceQuerySpec.m; sourceTree = "<group>"; };
		53FFD01C14011D4600E6B764 /* FGSpecRemoteUser.h */ = {isa = PBXFileReference; fileEncoding = 4; lastKnownFileType = sourcecode.c.h; path = FGSpecRemoteUser.h; sourceTree = "<group>"; };
		53FFD01D14011D4600E6B764 /* FGSpecRemoteUser.m */ = {isa = PBXFileReference; fileEncoding = 4; lastKnownFileType = sourcecode.c.objc; path = FGSpecRemoteUser.m; sourceTree = "<group>"; };
		53FFD02C14011D7E00E6B764 /* ASIAuthenticationDialog.h */ = {isa = PBXFileReference; fileEncoding = 4; lastKnownFileType = sourcecode.c.h; path = ASIAuthenticationDialog.h; sourceTree = "<group>"; };
		53FFD02D14011D7E00E6B764 /* ASIAuthenticationDialog.m */ = {isa = PBXFileReference; fileEncoding = 4; lastKnownFileType = sourcecode.c.objc; path = ASIAuthenticationDialog.m; sourceTree = "<group>"; };
		53FFD02E14011D7E00E6B764 /* ASICacheDelegate.h */ = {isa = PBXFileReference; fileEncoding = 4; lastKnownFileType = sourcecode.c.h; path = ASICacheDelegate.h; sourceTree = "<group>"; };
		53FFD02F14011D7E00E6B764 /* ASIDataCompressor.h */ = {isa = PBXFileReference; fileEncoding = 4; lastKnownFileType = sourcecode.c.h; path = ASIDataCompressor.h; sourceTree = "<group>"; };
		53FFD03014011D7E00E6B764 /* ASIDataCompressor.m */ = {isa = PBXFileReference; fileEncoding = 4; lastKnownFileType = sourcecode.c.objc; path = ASIDataCompressor.m; sourceTree = "<group>"; };
		53FFD03114011D7E00E6B764 /* ASIDataDecompressor.h */ = {isa = PBXFileReference; fileEncoding = 4; lastKnownFileType = sourcecode.c.h; path = ASIDataDecompressor.h; sourceTree = "<group>"; };
		53FFD03214011D7E00E6B764 /* ASIDataDecompressor.m */ = {isa = PBXFileReference; fileEncoding = 4; lastKnownFileType = sourcecode.c.objc; path = ASIDataDecompressor.m; sourceTree = "<group>"; };
		53FFD03314011D7E00E6B764 /* ASIDownloadCache.h */ = {isa = PBXFileReference; fileEncoding = 4; lastKnownFileType = sourcecode.c.h; path = ASIDownloadCache.h; sourceTree = "<group>"; };
		53FFD03414011D7E00E6B764 /* ASIDownloadCache.m */ = {isa = PBXFileReference; fileEncoding = 4; lastKnownFileType = sourcecode.c.objc; path = ASIDownloadCache.m; sourceTree = "<group>"; };
		53FFD03514011D7E00E6B764 /* ASIFormDataRequest.h */ = {isa = PBXFileReference; fileEncoding = 4; lastKnownFileType = sourcecode.c.h; path = ASIFormDataRequest.h; sourceTree = "<group>"; };
		53FFD03614011D7E00E6B764 /* ASIFormDataRequest.m */ = {isa = PBXFileReference; fileEncoding = 4; lastKnownFileType = sourcecode.c.objc; path = ASIFormDataRequest.m; sourceTree = "<group>"; };
		53FFD03714011D7E00E6B764 /* ASIHTTPRequest.h */ = {isa = PBXFileReference; fileEncoding = 4; lastKnownFileType = sourcecode.c.h; path = ASIHTTPRequest.h; sourceTree = "<group>"; };
		53FFD03814011D7E00E6B764 /* ASIHTTPRequest.m */ = {isa = PBXFileReference; fileEncoding = 4; lastKnownFileType = sourcecode.c.objc; path = ASIHTTPRequest.m; sourceTree = "<group>"; };
		53FFD03914011D7E00E6B764 /* ASIHTTPRequestConfig.h */ = {isa = PBXFileReference; fileEncoding = 4; lastKnownFileType = sourcecode.c.h; path = ASIHTTPRequestConfig.h; sourceTree = "<group>"; };
		53FFD03A14011D7E00E6B764 /* ASIHTTPRequestDelegate.h */ = {isa = PBXFileReference; fileEncoding = 4; lastKnownFileType = sourcecode.c.h; path = ASIHTTPRequestDelegate.h; sourceTree = "<group>"; };
		53FFD03B14011D7E00E6B764 /* ASIInputStream.h */ = {isa = PBXFileReference; fileEncoding = 4; lastKnownFileType = sourcecode.c.h; path = ASIInputStream.h; sourceTree = "<group>"; };
		53FFD03C14011D7E00E6B764 /* ASIInputStream.m */ = {isa = PBXFileReference; fileEncoding = 4; lastKnownFileType = sourcecode.c.objc; path = ASIInputStream.m; sourceTree = "<group>"; };
		53FFD03D14011D7E00E6B764 /* ASINetworkQueue.h */ = {isa = PBXFileReference; fileEncoding = 4; lastKnownFileType = sourcecode.c.h; path = ASINetworkQueue.h; sourceTree = "<group>"; };
		53FFD03E14011D7E00E6B764 /* ASINetworkQueue.m */ = {isa = PBXFileReference; fileEncoding = 4; lastKnownFileType = sourcecode.c.objc; path = ASINetworkQueue.m; sourceTree = "<group>"; };
		53FFD03F14011D7E00E6B764 /* ASIProgressDelegate.h */ = {isa = PBXFileReference; fileEncoding = 4; lastKnownFileType = sourcecode.c.h; path = ASIProgressDelegate.h; sourceTree = "<group>"; };
		53FFD04114011D7E00E6B764 /* JSON.h */ = {isa = PBXFileReference; fileEncoding = 4; lastKnownFileType = sourcecode.c.h; path = JSON.h; sourceTree = "<group>"; };
		53FFD04214011D7E00E6B764 /* NSObject+SBJSON.h */ = {isa = PBXFileReference; fileEncoding = 4; lastKnownFileType = sourcecode.c.h; path = "NSObject+SBJSON.h"; sourceTree = "<group>"; };
		53FFD04314011D7E00E6B764 /* NSObject+SBJSON.m */ = {isa = PBXFileReference; fileEncoding = 4; lastKnownFileType = sourcecode.c.objc; path = "NSObject+SBJSON.m"; sourceTree = "<group>"; };
		53FFD04414011D7E00E6B764 /* NSString+SBJSON.h */ = {isa = PBXFileReference; fileEncoding = 4; lastKnownFileType = sourcecode.c.h; path = "NSString+SBJSON.h"; sourceTree = "<group>"; };
		53FFD04514011D7E00E6B764 /* NSString+SBJSON.m */ = {isa = PBXFileReference; fileEncoding = 4; lastKnownFileType = sourcecode.c.objc; path = "NSString+SBJSON.m"; sourceTree = "<group>"; };
		53FFD04614011D7E00E6B764 /* SBJSON.h */ = {isa = PBXFileReference; fileEncoding = 4; lastKnownFileType = sourcecode.c.h; path = SBJSON.h; sourceTree = "<group>"; };
		53FFD04714011D7E00E6B764 /* SBJSON.m */ = {isa = PBXFileReference; fileEncoding = 4; lastKnownFileType = sourcecode.c.objc; path = SBJSON.m; sourceTree = "<group>"; };
		53FFD04814011D7E00E6B764 /* SBJsonBase.h */ = {isa = PBXFileReference; fileEncoding = 4; lastKnownFileType = sourcecode.c.h; path = SBJsonBase.h; sourceTree = "<group>"; };
		53FFD04914011D7E00E6B764 /* SBJsonBase.m */ = {isa = PBXFileReference; fileEncoding = 4; lastKnownFileType = sourcecode.c.objc; path = SBJsonBase.m; sourceTree = "<group>"; };
		53FFD04A14011D7E00E6B764 /* SBJsonParser.h */ = {isa = PBXFileReference; fileEncoding = 4; lastKnownFileType = sourcecode.c.h; path = SBJsonParser.h; sourceTree = "<group>"; };
		53FFD04B14011D7E00E6B764 /* SBJsonParser.m */ = {isa = PBXFileReference; fileEncoding = 4; lastKnownFileType = sourcecode.c.objc; path = SBJsonParser.m; sourceTree = "<group>"; };
		53FFD04C14011D7E00E6B764 /* SBJsonWriter.h */ = {isa = PBXFileReference; fileEncoding = 4; lastKnownFileType = sourcecode.c.h; path = SBJsonWriter.h; sourceTree = "<group>"; };
		53FFD04D14011D7E00E6B764 /* SBJsonWriter.m */ = {isa = PBXFileReference; fileEncoding = 4; lastKnownFileType = sourcecode.c.objc; path = SBJsonWriter.m; sourceTree = "<group>"; };
		53FFD04F14011D7E00E6B764 /* Reachability.h */ = {isa = PBXFileReference; fileEncoding = 4; lastKnownFileType = sourcecode.c.h; path = Reachability.h; sourceTree = "<group>"; };
		53FFD05014011D7E00E6B764 /* Reachability.m */ = {isa = PBXFileReference; fileEncoding = 4; lastKnownFileType = sourcecode.c.objc; path = Reachability.m; sourceTree = "<group>"; };
		53FFD09214011D8D00E6B764 /* ISO8601DateFormatter.h */ = {isa = PBXFileReference; fileEncoding = 4; lastKnownFileType = sourcecode.c.h; path = ISO8601DateFormatter.h; sourceTree = "<group>"; };
		53FFD09314011D8D00E6B764 /* ISO8601DateFormatter.m */ = {isa = PBXFileReference; fileEncoding = 4; lastKnownFileType = sourcecode.c.objc; path = ISO8601DateFormatter.m; sourceTree = "<group>"; };
		53FFD09514011D8D00E6B764 /* RegexKitLite.h */ = {isa = PBXFileReference; fileEncoding = 4; lastKnownFileType = sourcecode.c.h; path = RegexKitLite.h; sourceTree = "<group>"; };
		53FFD09614011D8D00E6B764 /* RegexKitLite.m */ = {isa = PBXFileReference; fileEncoding = 4; lastKnownFileType = sourcecode.c.objc; path = RegexKitLite.m; sourceTree = "<group>"; };
		53FFD09914011E8A00E6B764 /* SpecHelper.h */ = {isa = PBXFileReference; fileEncoding = 4; lastKnownFileType = sourcecode.c.h; path = SpecHelper.h; sourceTree = "<group>"; };
		53FFD09C14011ED500E6B764 /* DKFile.h */ = {isa = PBXFileReference; fileEncoding = 4; lastKnownFileType = sourcecode.c.h; name = DKFile.h; path = DKFile/Classes/DKFile.h; sourceTree = "<group>"; };
		53FFD09D14011ED500E6B764 /* DKFile.m */ = {isa = PBXFileReference; fileEncoding = 4; lastKnownFileType = sourcecode.c.objc; name = DKFile.m; path = DKFile/Classes/DKFile.m; sourceTree = "<group>"; };
		53FFD09F14011EE000E6B764 /* DKCoreData.h */ = {isa = PBXFileReference; fileEncoding = 4; lastKnownFileType = sourcecode.c.h; name = DKCoreData.h; path = DKCoreData/Classes/DKCoreData.h; sourceTree = "<group>"; };
		53FFD0A014011EE000E6B764 /* DKCoreData.m */ = {isa = PBXFileReference; fileEncoding = 4; lastKnownFileType = sourcecode.c.objc; name = DKCoreData.m; path = DKCoreData/Classes/DKCoreData.m; sourceTree = "<group>"; };
		53FFD0A114011EE000E6B764 /* DKCoreDataImporter.h */ = {isa = PBXFileReference; fileEncoding = 4; lastKnownFileType = sourcecode.c.h; name = DKCoreDataImporter.h; path = DKCoreData/Classes/DKCoreDataImporter.h; sourceTree = "<group>"; };
		53FFD0A214011EE000E6B764 /* DKCoreDataImporter.m */ = {isa = PBXFileReference; fileEncoding = 4; lastKnownFileType = sourcecode.c.objc; name = DKCoreDataImporter.m; path = DKCoreData/Classes/DKCoreDataImporter.m; sourceTree = "<group>"; };
		53FFD0A314011EE000E6B764 /* DKCoreDataQuery.h */ = {isa = PBXFileReference; fileEncoding = 4; lastKnownFileType = sourcecode.c.h; name = DKCoreDataQuery.h; path = DKCoreData/Classes/DKCoreDataQuery.h; sourceTree = "<group>"; };
		53FFD0A414011EE000E6B764 /* DKCoreDataQuery.m */ = {isa = PBXFileReference; fileEncoding = 4; lastKnownFileType = sourcecode.c.objc; name = DKCoreDataQuery.m; path = DKCoreData/Classes/DKCoreDataQuery.m; sourceTree = "<group>"; };
		53FFD0A514011EE000E6B764 /* DKManagedObject.h */ = {isa = PBXFileReference; fileEncoding = 4; lastKnownFileType = sourcecode.c.h; name = DKManagedObject.h; path = DKCoreData/Classes/DKManagedObject.h; sourceTree = "<group>"; };
		53FFD0A614011EE000E6B764 /* DKManagedObject.m */ = {isa = PBXFileReference; fileEncoding = 4; lastKnownFileType = sourcecode.c.objc; name = DKManagedObject.m; path = DKCoreData/Classes/DKManagedObject.m; sourceTree = "<group>"; };
		53FFD0AC14011F2200E6B764 /* FGSpecCafe.h */ = {isa = PBXFileReference; fileEncoding = 4; lastKnownFileType = sourcecode.c.h; path = FGSpecCafe.h; sourceTree = "<group>"; };
		53FFD0AD14011F2200E6B764 /* FGSpecCafe.m */ = {isa = PBXFileReference; fileEncoding = 4; lastKnownFileType = sourcecode.c.objc; path = FGSpecCafe.m; sourceTree = "<group>"; };
		53FFD0AE14011F2200E6B764 /* FGSpecComment.h */ = {isa = PBXFileReference; fileEncoding = 4; lastKnownFileType = sourcecode.c.h; path = FGSpecComment.h; sourceTree = "<group>"; };
		53FFD0AF14011F2200E6B764 /* FGSpecComment.m */ = {isa = PBXFileReference; fileEncoding = 4; lastKnownFileType = sourcecode.c.objc; path = FGSpecComment.m; sourceTree = "<group>"; };
		53FFD0B014011F2200E6B764 /* FGSpecImportableUser.h */ = {isa = PBXFileReference; fileEncoding = 4; lastKnownFileType = sourcecode.c.h; path = FGSpecImportableUser.h; sourceTree = "<group>"; };
		53FFD0B114011F2200E6B764 /* FGSpecImportableUser.m */ = {isa = PBXFileReference; fileEncoding = 4; lastKnownFileType = sourcecode.c.objc; path = FGSpecImportableUser.m; sourceTree = "<group>"; };
		53FFD0B214011F2200E6B764 /* FGSpecPost.h */ = {isa = PBXFileReference; fileEncoding = 4; lastKnownFileType = sourcecode.c.h; path = FGSpecPost.h; sourceTree = "<group>"; };
		53FFD0B314011F2200E6B764 /* FGSpecPost.m */ = {isa = PBXFileReference; fileEncoding = 4; lastKnownFileType = sourcecode.c.objc; path = FGSpecPost.m; sourceTree = "<group>"; };
		53FFD0B414011F2200E6B764 /* FGSpecProfile.h */ = {isa = PBXFileReference; fileEncoding = 4; lastKnownFileType = sourcecode.c.h; path = FGSpecProfile.h; sourceTree = "<group>"; };
		53FFD0B514011F2200E6B764 /* FGSpecProfile.m */ = {isa = PBXFileReference; fileEncoding = 4; lastKnownFileType = sourcecode.c.objc; path = FGSpecProfile.m; sourceTree = "<group>"; };
		53FFD0B614011F2200E6B764 /* FGSpecUser.h */ = {isa = PBXFileReference; fileEncoding = 4; lastKnownFileType = sourcecode.c.h; path = FGSpecUser.h; sourceTree = "<group>"; };
		53FFD0B714011F2200E6B764 /* FGSpecUser.m */ = {isa = PBXFileReference; fileEncoding = 4; lastKnownFileType = sourcecode.c.objc; path = FGSpecUser.m; sourceTree = "<group>"; };
		53FFD0B914011F2200E6B764 /* Specs.xcdatamodel */ = {isa = PBXFileReference; lastKnownFileType = wrapper.xcdatamodel; path = Specs.xcdatamodel; sourceTree = "<group>"; };
		53FFD0C114011F3800E6B764 /* CoreData.framework */ = {isa = PBXFileReference; lastKnownFileType = wrapper.framework; name = CoreData.framework; path = Platforms/iPhoneOS.platform/Developer/SDKs/iPhoneOS4.3.sdk/System/Library/Frameworks/CoreData.framework; sourceTree = DEVELOPER_DIR; };
		53FFD0C314011F3D00E6B764 /* libicucore.dylib */ = {isa = PBXFileReference; lastKnownFileType = "compiled.mach-o.dylib"; name = libicucore.dylib; path = Platforms/iPhoneOS.platform/Developer/SDKs/iPhoneOS4.3.sdk/usr/lib/libicucore.dylib; sourceTree = DEVELOPER_DIR; };
		53FFD0C514011F5100E6B764 /* CoreGraphics.framework */ = {isa = PBXFileReference; lastKnownFileType = wrapper.framework; name = CoreGraphics.framework; path = Platforms/iPhoneOS.platform/Developer/SDKs/iPhoneOS4.3.sdk/System/Library/Frameworks/CoreGraphics.framework; sourceTree = DEVELOPER_DIR; };
		53FFD0C714011F5E00E6B764 /* SystemConfiguration.framework */ = {isa = PBXFileReference; lastKnownFileType = wrapper.framework; name = SystemConfiguration.framework; path = Platforms/iPhoneOS.platform/Developer/SDKs/iPhoneOS4.3.sdk/System/Library/Frameworks/SystemConfiguration.framework; sourceTree = DEVELOPER_DIR; };
		53FFD0C914011F6200E6B764 /* CFNetwork.framework */ = {isa = PBXFileReference; lastKnownFileType = wrapper.framework; name = CFNetwork.framework; path = Platforms/iPhoneOS.platform/Developer/SDKs/iPhoneOS4.3.sdk/System/Library/Frameworks/CFNetwork.framework; sourceTree = DEVELOPER_DIR; };
		53FFD0CB14011F7200E6B764 /* libz.dylib */ = {isa = PBXFileReference; lastKnownFileType = "compiled.mach-o.dylib"; name = libz.dylib; path = Platforms/iPhoneOS.platform/Developer/SDKs/iPhoneOS4.3.sdk/usr/lib/libz.dylib; sourceTree = DEVELOPER_DIR; };
		53FFD0CD14011F7C00E6B764 /* MobileCoreServices.framework */ = {isa = PBXFileReference; lastKnownFileType = wrapper.framework; name = MobileCoreServices.framework; path = Platforms/iPhoneOS.platform/Developer/SDKs/iPhoneOS4.3.sdk/System/Library/Frameworks/MobileCoreServices.framework; sourceTree = DEVELOPER_DIR; };
/* End PBXFileReference section */

/* Begin PBXFrameworksBuildPhase section */
		5378749C14010A0A00D9B746 /* Frameworks */ = {
			isa = PBXFrameworksBuildPhase;
			buildActionMask = 2147483647;
			files = (
				53FFD0CE14011F7C00E6B764 /* MobileCoreServices.framework in Frameworks */,
				53FFD0CC14011F7200E6B764 /* libz.dylib in Frameworks */,
				53FFD0CA14011F6200E6B764 /* CFNetwork.framework in Frameworks */,
				53FFD0C814011F5E00E6B764 /* SystemConfiguration.framework in Frameworks */,
				53FFD0C614011F5100E6B764 /* CoreGraphics.framework in Frameworks */,
				53FFD0C414011F3D00E6B764 /* libicucore.dylib in Frameworks */,
				53FFD0C214011F3800E6B764 /* CoreData.framework in Frameworks */,
				537874BF14010A2500D9B746 /* Foundation.framework in Frameworks */,
				537874BD14010A1F00D9B746 /* UIKit.framework in Frameworks */,
				537874D514010A5700D9B746 /* Cedar-iPhone.framework in Frameworks */,
				537874D614010A5700D9B746 /* libExpecta-ios-universal.a in Frameworks */,
			);
			runOnlyForDeploymentPostprocessing = 0;
		};
/* End PBXFrameworksBuildPhase section */

/* Begin PBXGroup section */
		5315647D140354DA009A79E5 /* DKRestObject */ = {
			isa = PBXGroup;
			children = (
				53FFD00D14011CEC00E6B764 /* DKRestObjectProtocol.h */,
				531564E214039CE7009A79E5 /* DKRestObject+HTTP.h */,
				531564E314039CE7009A79E5 /* DKRestObject+HTTP.m */,
				5315648114035506009A79E5 /* DKRestObject+GET.h */,
				5315648214035506009A79E5 /* DKRestObject+GET.m */,
				531564E514039E40009A79E5 /* DKRestObject+DELETE.h */,
				531564E614039E40009A79E5 /* DKRestObject+DELETE.m */,
				531564E914039E40009A79E5 /* DKRestObject+POST.h */,
				531564EA14039E40009A79E5 /* DKRestObject+POST.m */,
				531564EB14039E41009A79E5 /* DKRestObject+PUT.h */,
				531564EC14039E41009A79E5 /* DKRestObject+PUT.m */,
			);
			name = DKRestObject;
			sourceTree = "<group>";
		};
		531564AB140387DB009A79E5 /* DKPredicateBuilder */ = {
			isa = PBXGroup;
			children = (
				531564AC140387DB009A79E5 /* DKPredicate.h */,
				531564AD140387DB009A79E5 /* DKPredicate.m */,
				531564AE140387DB009A79E5 /* DKPredicateBuilder.h */,
				531564AF140387DB009A79E5 /* DKPredicateBuilder.m */,
			);
			name = DKPredicateBuilder;
			path = DKSupport/Classes/DKPredicateBuilder;
			sourceTree = "<group>";
		};
		531564B1140387DB009A79E5 /* NSArray */ = {
			isa = PBXGroup;
			children = (
				531564B2140387DB009A79E5 /* NSArray+Enumurable.h */,
				531564B3140387DB009A79E5 /* NSArray+Enumurable.m */,
			);
			name = NSArray;
			path = DKSupport/Classes/NSArray;
			sourceTree = "<group>";
		};
		531564B4140387DB009A79E5 /* NSDate */ = {
			isa = PBXGroup;
			children = (
				531564B5140387DB009A79E5 /* NSDate+Conversions.h */,
				531564B6140387DB009A79E5 /* NSDate+Conversions.m */,
				531564B7140387DB009A79E5 /* NSDate+Initializers.h */,
				531564B8140387DB009A79E5 /* NSDate+Initializers.m */,
			);
			name = NSDate;
			path = DKSupport/Classes/NSDate;
			sourceTree = "<group>";
		};
		531564B9140387DB009A79E5 /* NSMutableArray */ = {
			isa = PBXGroup;
			children = (
				531564BA140387DB009A79E5 /* NSMutableArray+Reverse.h */,
				531564BB140387DB009A79E5 /* NSMutableArray+Reverse.m */,
			);
			name = NSMutableArray;
			path = DKSupport/Classes/NSMutableArray;
			sourceTree = "<group>";
		};
		531564BC140387DB009A79E5 /* NSNumber */ = {
			isa = PBXGroup;
			children = (
				531564BD140387DB009A79E5 /* NSNumber+Initializers.h */,
				531564BE140387DB009A79E5 /* NSNumber+Initializers.m */,
			);
			name = NSNumber;
			path = DKSupport/Classes/NSNumber;
			sourceTree = "<group>";
		};
		531564BF140387DB009A79E5 /* NSObject */ = {
			isa = PBXGroup;
			children = (
				531564C0140387DB009A79E5 /* NSObject+DelayedBlock.h */,
				531564C1140387DB009A79E5 /* NSObject+DelayedBlock.m */,
			);
			name = NSObject;
			path = DKSupport/Classes/NSObject;
			sourceTree = "<group>";
		};
		531564C2140387DB009A79E5 /* NSString */ = {
			isa = PBXGroup;
			children = (
				531564C3140387DB009A79E5 /* NSString+Hash.h */,
				531564C4140387DB009A79E5 /* NSString+Hash.m */,
				531564C5140387DB009A79E5 /* NSString+Inflections.h */,
				531564C6140387DB009A79E5 /* NSString+Inflections.m */,
				531564C7140387DB009A79E5 /* NSString+Initializers.h */,
				531564C8140387DB009A79E5 /* NSString+Initializers.m */,
			);
			name = NSString;
			path = DKSupport/Classes/NSString;
			sourceTree = "<group>";
		};
		531564C9140387DB009A79E5 /* UIAlertView */ = {
			isa = PBXGroup;
			children = (
				531564CA140387DB009A79E5 /* UIAlertView+Shortcuts.h */,
				531564CB140387DB009A79E5 /* UIAlertView+Shortcuts.m */,
			);
			name = UIAlertView;
			path = DKSupport/Classes/UIAlertView;
			sourceTree = "<group>";
		};
		531564CC140387DB009A79E5 /* UIViewController */ = {
			isa = PBXGroup;
			children = (
				531564CD140387DB009A79E5 /* UIViewController+ParentController.h */,
				531564CE140387DB009A79E5 /* UIViewController+ParentController.m */,
			);
			name = UIViewController;
			path = DKSupport/Classes/UIViewController;
			sourceTree = "<group>";
		};
		531564DC140387FA009A79E5 /* NSLogger */ = {
			isa = PBXGroup;
			children = (
				531564DD140387FA009A79E5 /* LoggerClient.h */,
				531564DE140387FA009A79E5 /* LoggerClient.m */,
				531564DF140387FA009A79E5 /* LoggerCommon.h */,
			);
			name = NSLogger;
			path = DKSupport/External/NSLogger;
			sourceTree = "<group>";
		};
		531564E114039899009A79E5 /* DKRestRouter */ = {
			isa = PBXGroup;
			children = (
				53FFD01214011CEC00E6B764 /* DKRestRouterProtocol.h */,
				53FFD01014011CEC00E6B764 /* DKRestRouter.h */,
				53FFD01114011CEC00E6B764 /* DKRestRouter.m */,
			);
			name = DKRestRouter;
			sourceTree = "<group>";
		};
		531564F21403A17D009A79E5 /* Data */ = {
			isa = PBXGroup;
			children = (
				531564F31403A17D009A79E5 /* ImportableUsers.json */,
				531564F41403A17D009A79E5 /* InvalidCafesFormat.json */,
				531564F51403A17D009A79E5 /* NonExistantModel.json */,
				531564F61403A17D009A79E5 /* OddNumberOfUsers.json */,
				531564F71403A17D009A79E5 /* UsersWithComments.json */,
				531564F81403A17D009A79E5 /* UsersWithNameKeithPitt.json */,
				531564F91403A17D009A79E5 /* UsersWithNoIdentifiers.json */,
			);
			name = Data;
			path = External/DKCoreData/Specs/Data;
			sourceTree = SOURCE_ROOT;
		};
		5378747D140109AE00D9B746 = {
			isa = PBXGroup;
			children = (
				53FFD00A14011CEC00E6B764 /* Classes */,
				537874A914010A0A00D9B746 /* Specs */,
				53FFD01714011D3900E6B764 /* DKAPIRouterSpec.m */,
				53FFD01814011D3900E6B764 /* DKRestResourceQuerySpec.m */,
				53876BC3140A2297009F8171 /* DKRestObjectSpec.m */,
				537874C014010A5700D9B746 /* External */,
				537874A214010A0A00D9B746 /* Frameworks */,
				537874A014010A0A00D9B746 /* Products */,
			);
			sourceTree = "<group>";
		};
		537874A014010A0A00D9B746 /* Products */ = {
			isa = PBXGroup;
			children = (
				5378749F14010A0A00D9B746 /* Specs.app */,
			);
			name = Products;
			sourceTree = "<group>";
		};
		537874A214010A0A00D9B746 /* Frameworks */ = {
			isa = PBXGroup;
			children = (
				53FFD0C314011F3D00E6B764 /* libicucore.dylib */,
				53FFD0CB14011F7200E6B764 /* libz.dylib */,
				53FFD0CD14011F7C00E6B764 /* MobileCoreServices.framework */,
				53FFD0C914011F6200E6B764 /* CFNetwork.framework */,
				53FFD0C714011F5E00E6B764 /* SystemConfiguration.framework */,
				53FFD0C514011F5100E6B764 /* CoreGraphics.framework */,
				53FFD0C114011F3800E6B764 /* CoreData.framework */,
				537874C114010A5700D9B746 /* Cedar-iPhone.framework */,
				537874BE14010A2500D9B746 /* Foundation.framework */,
				537874BC14010A1F00D9B746 /* UIKit.framework */,
			);
			name = Frameworks;
			sourceTree = "<group>";
		};
		537874A914010A0A00D9B746 /* Specs */ = {
			isa = PBXGroup;
			children = (
				531564F21403A17D009A79E5 /* Data */,
				53FFD0AB14011F2200E6B764 /* Models */,
				537874AA14010A0A00D9B746 /* Support */,
				53FFD01B14011D4600E6B764 /* Resources */,
			);
			path = Specs;
			sourceTree = "<group>";
		};
		537874AA14010A0A00D9B746 /* Support */ = {
			isa = PBXGroup;
			children = (
				53FFD09914011E8A00E6B764 /* SpecHelper.h */,
				537874AB14010A0A00D9B746 /* Specs-Info.plist */,
				537874AF14010A0A00D9B746 /* main.m */,
				537874B114010A0A00D9B746 /* Specs-Prefix.pch */,
			);
			name = Support;
			sourceTree = "<group>";
		};
		537874C014010A5700D9B746 /* External */ = {
			isa = PBXGroup;
			children = (
				531564DC140387FA009A79E5 /* NSLogger */,
				53FFD09B14011EC600E6B764 /* DKFile */,
				53FFD09A14011EC100E6B764 /* DKCoreData */,
				53FFD09114011D8D00E6B764 /* ISO8601DateFormatter */,
				53FFD09414011D8D00E6B764 /* RegexKitLite */,
				53FFD02B14011D7E00E6B764 /* ASIHTTPRequest */,
				53FFD04014011D7E00E6B764 /* JSON */,
				53FFD04E14011D7E00E6B764 /* Reachability */,
				53FFD02014011D5B00E6B764 /* DKAPPIRequest */,
				53FFD01F14011D5600E6B764 /* DKSupport */,
				537874C214010A5700D9B746 /* Expecta */,
			);
			path = External;
			sourceTree = "<group>";
		};
		537874C214010A5700D9B746 /* Expecta */ = {
			isa = PBXGroup;
			children = (
				537874C314010A5700D9B746 /* Expecta.h */,
				537874C414010A5700D9B746 /* ExpectaSupport.h */,
				537874C514010A5700D9B746 /* EXPExpect.h */,
				537874C614010A5700D9B746 /* EXPMatcherHelpers.h */,
				537874C714010A5700D9B746 /* EXPMatchers+toBeFalsy.h */,
				537874C814010A5700D9B746 /* EXPMatchers+toBeIdenticalTo.h */,
				537874C914010A5700D9B746 /* EXPMatchers+toBeInstanceOf.h */,
				537874CA14010A5700D9B746 /* EXPMatchers+toBeKindOf.h */,
				537874CB14010A5700D9B746 /* EXPMatchers+toBeNil.h */,
				537874CC14010A5700D9B746 /* EXPMatchers+toBeSubclassOf.h */,
				537874CD14010A5700D9B746 /* EXPMatchers+toBeTruthy.h */,
				537874CE14010A5700D9B746 /* EXPMatchers+toContain.h */,
				537874CF14010A5700D9B746 /* EXPMatchers+toEqual.h */,
				537874D014010A5700D9B746 /* EXPMatchers.h */,
				537874D114010A5700D9B746 /* EXPUnsupportedObject.h */,
				537874D214010A5700D9B746 /* libExpecta-ios-universal.a */,
				537874D314010A5700D9B746 /* NSObject+Expecta.h */,
				537874D414010A5700D9B746 /* NSValue+Expecta.h */,
			);
			path = Expecta;
			sourceTree = "<group>";
		};
		53FFD00A14011CEC00E6B764 /* Classes */ = {
			isa = PBXGroup;
			children = (
				531564F114039F95009A79E5 /* DKRest.h */,
				531564A914038591009A79E5 /* DKRestCacheStrategy.h */,
				531564E114039899009A79E5 /* DKRestRouter */,
				5315647D140354DA009A79E5 /* DKRestObject */,
				53FFD00B14011CEC00E6B764 /* DKRestObject.h */,
				53FFD00C14011CEC00E6B764 /* DKRestObject.m */,
				53FFD00E14011CEC00E6B764 /* DKRestQuery.h */,
				53FFD00F14011CEC00E6B764 /* DKRestQuery.m */,
			);
			path = Classes;
			sourceTree = "<group>";
		};
		53FFD01B14011D4600E6B764 /* Resources */ = {
			isa = PBXGroup;
			children = (
				53FFD01C14011D4600E6B764 /* FGSpecRemoteUser.h */,
				53FFD01D14011D4600E6B764 /* FGSpecRemoteUser.m */,
			);
			path = Resources;
			sourceTree = "<group>";
		};
		53FFD01F14011D5600E6B764 /* DKSupport */ = {
			isa = PBXGroup;
			children = (
				531564AA140387DB009A79E5 /* DKLogger.h */,
				531564AB140387DB009A79E5 /* DKPredicateBuilder */,
				531564B0140387DB009A79E5 /* DKSupport.h */,
				531564B1140387DB009A79E5 /* NSArray */,
				531564B4140387DB009A79E5 /* NSDate */,
				531564B9140387DB009A79E5 /* NSMutableArray */,
				531564BC140387DB009A79E5 /* NSNumber */,
				531564BF140387DB009A79E5 /* NSObject */,
				531564C2140387DB009A79E5 /* NSString */,
				531564C9140387DB009A79E5 /* UIAlertView */,
				531564CC140387DB009A79E5 /* UIViewController */,
			);
			name = DKSupport;
			sourceTree = "<group>";
		};
		53FFD02014011D5B00E6B764 /* DKAPPIRequest */ = {
			isa = PBXGroup;
			children = (
				53876BA9140A2237009F8171 /* DKAPICacheStrategy.h */,
				53876BAA140A2237009F8171 /* DKAPIFormData.h */,
				53876BAB140A2237009F8171 /* DKAPIFormData.m */,
				53876BAC140A2237009F8171 /* DKAPIFormDataProtocol.h */,
				53876BAD140A2237009F8171 /* DKAPIFormDataType.h */,
				53876BAE140A2237009F8171 /* DKAPIInterceptor.h */,
				53876BAF140A2237009F8171 /* DKAPIInterceptor.m */,
				53876BB0140A2237009F8171 /* DKAPIInterceptorProtocol.h */,
				53876BB1140A2237009F8171 /* DKAPILogger.h */,
				53876BB2140A2237009F8171 /* DKAPIProgress.h */,
				53876BB3140A2237009F8171 /* DKAPIProgress.m */,
				53876BB4140A2237009F8171 /* DKAPIProgressProtocol.h */,
				53876BB5140A2237009F8171 /* DKAPIRequest.h */,
				53876BB6140A2237009F8171 /* DKAPIRequest.m */,
				53876BB7140A2237009F8171 /* DKAPIResponse.h */,
				53876BB8140A2237009F8171 /* DKAPIResponse.m */,
				53876BB9140A2237009F8171 /* DKAPIStub.h */,
				53876BBA140A2237009F8171 /* DKAPIStub.m */,
			);
			name = DKAPPIRequest;
			sourceTree = "<group>";
		};
		53FFD02B14011D7E00E6B764 /* ASIHTTPRequest */ = {
			isa = PBXGroup;
			children = (
				53FFD02C14011D7E00E6B764 /* ASIAuthenticationDialog.h */,
				53FFD02D14011D7E00E6B764 /* ASIAuthenticationDialog.m */,
				53FFD02E14011D7E00E6B764 /* ASICacheDelegate.h */,
				53FFD02F14011D7E00E6B764 /* ASIDataCompressor.h */,
				53FFD03014011D7E00E6B764 /* ASIDataCompressor.m */,
				53FFD03114011D7E00E6B764 /* ASIDataDecompressor.h */,
				53FFD03214011D7E00E6B764 /* ASIDataDecompressor.m */,
				53FFD03314011D7E00E6B764 /* ASIDownloadCache.h */,
				53FFD03414011D7E00E6B764 /* ASIDownloadCache.m */,
				53FFD03514011D7E00E6B764 /* ASIFormDataRequest.h */,
				53FFD03614011D7E00E6B764 /* ASIFormDataRequest.m */,
				53FFD03714011D7E00E6B764 /* ASIHTTPRequest.h */,
				53FFD03814011D7E00E6B764 /* ASIHTTPRequest.m */,
				53FFD03914011D7E00E6B764 /* ASIHTTPRequestConfig.h */,
				53FFD03A14011D7E00E6B764 /* ASIHTTPRequestDelegate.h */,
				53FFD03B14011D7E00E6B764 /* ASIInputStream.h */,
				53FFD03C14011D7E00E6B764 /* ASIInputStream.m */,
				53FFD03D14011D7E00E6B764 /* ASINetworkQueue.h */,
				53FFD03E14011D7E00E6B764 /* ASINetworkQueue.m */,
				53FFD03F14011D7E00E6B764 /* ASIProgressDelegate.h */,
			);
			name = ASIHTTPRequest;
			path = DKAPIRequest/External/ASIHTTPRequest;
			sourceTree = "<group>";
		};
		53FFD04014011D7E00E6B764 /* JSON */ = {
			isa = PBXGroup;
			children = (
				53FFD04114011D7E00E6B764 /* JSON.h */,
				53FFD04214011D7E00E6B764 /* NSObject+SBJSON.h */,
				53FFD04314011D7E00E6B764 /* NSObject+SBJSON.m */,
				53FFD04414011D7E00E6B764 /* NSString+SBJSON.h */,
				53FFD04514011D7E00E6B764 /* NSString+SBJSON.m */,
				53FFD04614011D7E00E6B764 /* SBJSON.h */,
				53FFD04714011D7E00E6B764 /* SBJSON.m */,
				53FFD04814011D7E00E6B764 /* SBJsonBase.h */,
				53FFD04914011D7E00E6B764 /* SBJsonBase.m */,
				53FFD04A14011D7E00E6B764 /* SBJsonParser.h */,
				53FFD04B14011D7E00E6B764 /* SBJsonParser.m */,
				53FFD04C14011D7E00E6B764 /* SBJsonWriter.h */,
				53FFD04D14011D7E00E6B764 /* SBJsonWriter.m */,
			);
			name = JSON;
			path = DKAPIRequest/External/JSON;
			sourceTree = "<group>";
		};
		53FFD04E14011D7E00E6B764 /* Reachability */ = {
			isa = PBXGroup;
			children = (
				53FFD04F14011D7E00E6B764 /* Reachability.h */,
				53FFD05014011D7E00E6B764 /* Reachability.m */,
			);
			name = Reachability;
			path = DKAPIRequest/External/Reachability;
			sourceTree = "<group>";
		};
		53FFD09114011D8D00E6B764 /* ISO8601DateFormatter */ = {
			isa = PBXGroup;
			children = (
				53FFD09214011D8D00E6B764 /* ISO8601DateFormatter.h */,
				53FFD09314011D8D00E6B764 /* ISO8601DateFormatter.m */,
			);
			name = ISO8601DateFormatter;
			path = DKSupport/External/ISO8601DateFormatter;
			sourceTree = "<group>";
		};
		53FFD09414011D8D00E6B764 /* RegexKitLite */ = {
			isa = PBXGroup;
			children = (
				53FFD09514011D8D00E6B764 /* RegexKitLite.h */,
				53FFD09614011D8D00E6B764 /* RegexKitLite.m */,
			);
			name = RegexKitLite;
			path = DKSupport/External/RegexKitLite;
			sourceTree = "<group>";
		};
		53FFD09A14011EC100E6B764 /* DKCoreData */ = {
			isa = PBXGroup;
			children = (
				53FFD09F14011EE000E6B764 /* DKCoreData.h */,
				53FFD0A014011EE000E6B764 /* DKCoreData.m */,
				53FFD0A114011EE000E6B764 /* DKCoreDataImporter.h */,
				53FFD0A214011EE000E6B764 /* DKCoreDataImporter.m */,
				53FFD0A314011EE000E6B764 /* DKCoreDataQuery.h */,
				53FFD0A414011EE000E6B764 /* DKCoreDataQuery.m */,
				53FFD0A514011EE000E6B764 /* DKManagedObject.h */,
				53FFD0A614011EE000E6B764 /* DKManagedObject.m */,
			);
			name = DKCoreData;
			sourceTree = "<group>";
		};
		53FFD09B14011EC600E6B764 /* DKFile */ = {
			isa = PBXGroup;
			children = (
				53FFD09C14011ED500E6B764 /* DKFile.h */,
				53FFD09D14011ED500E6B764 /* DKFile.m */,
			);
			name = DKFile;
			sourceTree = "<group>";
		};
		53FFD0AB14011F2200E6B764 /* Models */ = {
			isa = PBXGroup;
			children = (
				53FFD0AC14011F2200E6B764 /* FGSpecCafe.h */,
				53FFD0AD14011F2200E6B764 /* FGSpecCafe.m */,
				53FFD0AE14011F2200E6B764 /* FGSpecComment.h */,
				53FFD0AF14011F2200E6B764 /* FGSpecComment.m */,
				53FFD0B014011F2200E6B764 /* FGSpecImportableUser.h */,
				53FFD0B114011F2200E6B764 /* FGSpecImportableUser.m */,
				53FFD0B214011F2200E6B764 /* FGSpecPost.h */,
				53FFD0B314011F2200E6B764 /* FGSpecPost.m */,
				53FFD0B414011F2200E6B764 /* FGSpecProfile.h */,
				53FFD0B514011F2200E6B764 /* FGSpecProfile.m */,
				53FFD0B614011F2200E6B764 /* FGSpecUser.h */,
				53FFD0B714011F2200E6B764 /* FGSpecUser.m */,
				53FFD0B814011F2200E6B764 /* Specs.xcdatamodeld */,
			);
			name = Models;
			path = External/DKCoreData/Specs/Models;
			sourceTree = SOURCE_ROOT;
		};
/* End PBXGroup section */

/* Begin PBXNativeTarget section */
		5378749E14010A0A00D9B746 /* Specs */ = {
			isa = PBXNativeTarget;
			buildConfigurationList = 537874BA14010A0A00D9B746 /* Build configuration list for PBXNativeTarget "Specs" */;
			buildPhases = (
				5378749B14010A0A00D9B746 /* Sources */,
				5378749C14010A0A00D9B746 /* Frameworks */,
				5378749D14010A0A00D9B746 /* Resources */,
			);
			buildRules = (
			);
			dependencies = (
			);
			name = Specs;
			productName = Specs;
			productReference = 5378749F14010A0A00D9B746 /* Specs.app */;
			productType = "com.apple.product-type.application";
		};
/* End PBXNativeTarget section */

/* Begin PBXProject section */
		5378747F140109AE00D9B746 /* Project object */ = {
			isa = PBXProject;
			buildConfigurationList = 53787482140109AE00D9B746 /* Build configuration list for PBXProject "DKRest" */;
			compatibilityVersion = "Xcode 3.2";
			developmentRegion = English;
			hasScannedForEncodings = 0;
			knownRegions = (
				en,
			);
			mainGroup = 5378747D140109AE00D9B746;
			productRefGroup = 537874A014010A0A00D9B746 /* Products */;
			projectDirPath = "";
			projectRoot = "";
			targets = (
				5378749E14010A0A00D9B746 /* Specs */,
			);
		};
/* End PBXProject section */

/* Begin PBXResourcesBuildPhase section */
		5378749D14010A0A00D9B746 /* Resources */ = {
			isa = PBXResourcesBuildPhase;
			buildActionMask = 2147483647;
			files = (
				531564FA1403A17D009A79E5 /* ImportableUsers.json in Resources */,
				531564FB1403A17D009A79E5 /* InvalidCafesFormat.json in Resources */,
				531564FC1403A17D009A79E5 /* NonExistantModel.json in Resources */,
				531564FD1403A17D009A79E5 /* OddNumberOfUsers.json in Resources */,
				531564FE1403A17D009A79E5 /* UsersWithComments.json in Resources */,
				531564FF1403A17D009A79E5 /* UsersWithNameKeithPitt.json in Resources */,
				531565001403A17E009A79E5 /* UsersWithNoIdentifiers.json in Resources */,
			);
			runOnlyForDeploymentPostprocessing = 0;
		};
/* End PBXResourcesBuildPhase section */

/* Begin PBXSourcesBuildPhase section */
		5378749B14010A0A00D9B746 /* Sources */ = {
			isa = PBXSourcesBuildPhase;
			buildActionMask = 2147483647;
			files = (
				537874B014010A0A00D9B746 /* main.m in Sources */,
				53FFD01314011CEC00E6B764 /* DKRestObject.m in Sources */,
				53FFD01414011CEC00E6B764 /* DKRestQuery.m in Sources */,
				53FFD01514011CEC00E6B764 /* DKRestRouter.m in Sources */,
				53FFD01914011D3900E6B764 /* DKAPIRouterSpec.m in Sources */,
				53FFD01A14011D3900E6B764 /* DKRestResourceQuerySpec.m in Sources */,
				53FFD01E14011D4600E6B764 /* FGSpecRemoteUser.m in Sources */,
				53FFD05114011D7E00E6B764 /* ASIAuthenticationDialog.m in Sources */,
				53FFD05214011D7E00E6B764 /* ASIDataCompressor.m in Sources */,
				53FFD05314011D7E00E6B764 /* ASIDataDecompressor.m in Sources */,
				53FFD05414011D7E00E6B764 /* ASIDownloadCache.m in Sources */,
				53FFD05514011D7E00E6B764 /* ASIFormDataRequest.m in Sources */,
				53FFD05614011D7E00E6B764 /* ASIHTTPRequest.m in Sources */,
				53FFD05714011D7E00E6B764 /* ASIInputStream.m in Sources */,
				53FFD05814011D7E00E6B764 /* ASINetworkQueue.m in Sources */,
				53FFD05914011D7E00E6B764 /* NSObject+SBJSON.m in Sources */,
				53FFD05A14011D7E00E6B764 /* NSString+SBJSON.m in Sources */,
				53FFD05B14011D7E00E6B764 /* SBJSON.m in Sources */,
				53FFD05C14011D7E00E6B764 /* SBJsonBase.m in Sources */,
				53FFD05D14011D7E00E6B764 /* SBJsonParser.m in Sources */,
				53FFD05E14011D7E00E6B764 /* SBJsonWriter.m in Sources */,
				53FFD05F14011D7E00E6B764 /* Reachability.m in Sources */,
				53FFD09714011D8D00E6B764 /* ISO8601DateFormatter.m in Sources */,
				53FFD09814011D8D00E6B764 /* RegexKitLite.m in Sources */,
				53FFD09E14011ED500E6B764 /* DKFile.m in Sources */,
				53FFD0A714011EE000E6B764 /* DKCoreData.m in Sources */,
				53FFD0A814011EE000E6B764 /* DKCoreDataImporter.m in Sources */,
				53FFD0A914011EE000E6B764 /* DKCoreDataQuery.m in Sources */,
				53FFD0AA14011EE000E6B764 /* DKManagedObject.m in Sources */,
				53FFD0BA14011F2200E6B764 /* FGSpecCafe.m in Sources */,
				53FFD0BB14011F2200E6B764 /* FGSpecComment.m in Sources */,
				53FFD0BC14011F2200E6B764 /* FGSpecImportableUser.m in Sources */,
				53FFD0BD14011F2200E6B764 /* FGSpecPost.m in Sources */,
				53FFD0BE14011F2200E6B764 /* FGSpecProfile.m in Sources */,
				53FFD0BF14011F2200E6B764 /* FGSpecUser.m in Sources */,
				53FFD0C014011F2200E6B764 /* Specs.xcdatamodeld in Sources */,
				5315648314035506009A79E5 /* DKRestObject+GET.m in Sources */,
				531564CF140387DB009A79E5 /* DKPredicate.m in Sources */,
				531564D0140387DB009A79E5 /* DKPredicateBuilder.m in Sources */,
				531564D1140387DB009A79E5 /* NSArray+Enumurable.m in Sources */,
				531564D2140387DB009A79E5 /* NSDate+Conversions.m in Sources */,
				531564D3140387DB009A79E5 /* NSDate+Initializers.m in Sources */,
				531564D4140387DB009A79E5 /* NSMutableArray+Reverse.m in Sources */,
				531564D5140387DB009A79E5 /* NSNumber+Initializers.m in Sources */,
				531564D6140387DB009A79E5 /* NSObject+DelayedBlock.m in Sources */,
				531564D7140387DB009A79E5 /* NSString+Hash.m in Sources */,
				531564D8140387DB009A79E5 /* NSString+Inflections.m in Sources */,
				531564D9140387DB009A79E5 /* NSString+Initializers.m in Sources */,
				531564DA140387DB009A79E5 /* UIAlertView+Shortcuts.m in Sources */,
				531564DB140387DB009A79E5 /* UIViewController+ParentController.m in Sources */,
				531564E0140387FA009A79E5 /* LoggerClient.m in Sources */,
				531564E414039CE7009A79E5 /* DKRestObject+HTTP.m in Sources */,
				531564ED14039E41009A79E5 /* DKRestObject+DELETE.m in Sources */,
				531564EF14039E41009A79E5 /* DKRestObject+POST.m in Sources */,
				531564F014039E41009A79E5 /* DKRestObject+PUT.m in Sources */,
				53876BBB140A2237009F8171 /* DKAPIFormData.m in Sources */,
				53876BBC140A2237009F8171 /* DKAPIInterceptor.m in Sources */,
				53876BBD140A2237009F8171 /* DKAPIProgress.m in Sources */,
				53876BBE140A2237009F8171 /* DKAPIRequest.m in Sources */,
				53876BBF140A2237009F8171 /* DKAPIResponse.m in Sources */,
				53876BC0140A2237009F8171 /* DKAPIStub.m in Sources */,
				53876BC4140A2297009F8171 /* DKRestObjectSpec.m in Sources */,
			);
			runOnlyForDeploymentPostprocessing = 0;
		};
/* End PBXSourcesBuildPhase section */

/* Begin XCBuildConfiguration section */
		53787484140109AE00D9B746 /* Debug */ = {
			isa = XCBuildConfiguration;
			buildSettings = {
			};
			name = Debug;
		};
		53787485140109AE00D9B746 /* Release */ = {
			isa = XCBuildConfiguration;
			buildSettings = {
			};
			name = Release;
		};
		537874B814010A0A00D9B746 /* Debug */ = {
			isa = XCBuildConfiguration;
			buildSettings = {
				ALWAYS_SEARCH_USER_PATHS = NO;
				ARCHS = "$(ARCHS_STANDARD_32_BIT)";
				"CODE_SIGN_IDENTITY[sdk=iphoneos*]" = "iPhone Developer";
				COPY_PHASE_STRIP = NO;
				FRAMEWORK_SEARCH_PATHS = (
					"$(inherited)",
					"\"$(DEVELOPER_FRAMEWORKS_DIR)\"",
					"\"$(SRCROOT)/External\"",
				);
				GCC_C_LANGUAGE_STANDARD = gnu99;
				GCC_DYNAMIC_NO_PIC = NO;
				GCC_OPTIMIZATION_LEVEL = 0;
				GCC_PRECOMPILE_PREFIX_HEADER = YES;
				GCC_PREFIX_HEADER = "Specs/Specs-Prefix.pch";
				GCC_PREPROCESSOR_DEFINITIONS = (
					"DEBUG=1",
					"$(inherited)",
				);
				GCC_SYMBOLS_PRIVATE_EXTERN = NO;
				GCC_VERSION = com.apple.compilers.llvm.clang.1_0;
				GCC_WARN_ABOUT_MISSING_PROTOTYPES = YES;
				GCC_WARN_ABOUT_RETURN_TYPE = YES;
				GCC_WARN_UNUSED_VARIABLE = YES;
				INFOPLIST_FILE = "Specs/Specs-Info.plist";
				IPHONEOS_DEPLOYMENT_TARGET = 4.3;
				LIBRARY_SEARCH_PATHS = (
					"$(inherited)",
					"\"$(SRCROOT)/External/Expecta\"",
				);
				OTHER_LDFLAGS = (
					"-lstdc++",
					"-ObjC",
					"-all_load",
				);
				PRODUCT_NAME = "$(TARGET_NAME)";
				SDKROOT = iphoneos;
				WRAPPER_EXTENSION = app;
			};
			name = Debug;
		};
		537874B914010A0A00D9B746 /* Release */ = {
			isa = XCBuildConfiguration;
			buildSettings = {
				ALWAYS_SEARCH_USER_PATHS = NO;
				ARCHS = "$(ARCHS_STANDARD_32_BIT)";
				"CODE_SIGN_IDENTITY[sdk=iphoneos*]" = "iPhone Developer";
				COPY_PHASE_STRIP = YES;
				FRAMEWORK_SEARCH_PATHS = (
					"$(inherited)",
					"\"$(DEVELOPER_FRAMEWORKS_DIR)\"",
					"\"$(SRCROOT)/External\"",
				);
				GCC_C_LANGUAGE_STANDARD = gnu99;
				GCC_PRECOMPILE_PREFIX_HEADER = YES;
				GCC_PREFIX_HEADER = "Specs/Specs-Prefix.pch";
				GCC_VERSION = com.apple.compilers.llvm.clang.1_0;
				GCC_WARN_ABOUT_MISSING_PROTOTYPES = YES;
				GCC_WARN_ABOUT_RETURN_TYPE = YES;
				GCC_WARN_UNUSED_VARIABLE = YES;
				INFOPLIST_FILE = "Specs/Specs-Info.plist";
				IPHONEOS_DEPLOYMENT_TARGET = 4.3;
				LIBRARY_SEARCH_PATHS = (
					"$(inherited)",
					"\"$(SRCROOT)/External/Expecta\"",
				);
				OTHER_CFLAGS = "-DNS_BLOCK_ASSERTIONS=1";
				OTHER_LDFLAGS = (
					"-lstdc++",
					"-ObjC",
					"-all_load",
				);
				PRODUCT_NAME = "$(TARGET_NAME)";
				SDKROOT = iphoneos;
				VALIDATE_PRODUCT = YES;
				WRAPPER_EXTENSION = app;
			};
			name = Release;
		};
/* End XCBuildConfiguration section */

/* Begin XCConfigurationList section */
		53787482140109AE00D9B746 /* Build configuration list for PBXProject "DKRest" */ = {
			isa = XCConfigurationList;
			buildConfigurations = (
				53787484140109AE00D9B746 /* Debug */,
				53787485140109AE00D9B746 /* Release */,
			);
			defaultConfigurationIsVisible = 0;
			defaultConfigurationName = Release;
		};
		537874BA14010A0A00D9B746 /* Build configuration list for PBXNativeTarget "Specs" */ = {
			isa = XCConfigurationList;
			buildConfigurations = (
				537874B814010A0A00D9B746 /* Debug */,
				537874B914010A0A00D9B746 /* Release */,
			);
			defaultConfigurationIsVisible = 0;
			defaultConfigurationName = Release;
		};
/* End XCConfigurationList section */

/* Begin XCVersionGroup section */
		53FFD0B814011F2200E6B764 /* Specs.xcdatamodeld */ = {
			isa = XCVersionGroup;
			children = (
				53FFD0B914011F2200E6B764 /* Specs.xcdatamodel */,
			);
			currentVersion = 53FFD0B914011F2200E6B764 /* Specs.xcdatamodel */;
			path = Specs.xcdatamodeld;
			sourceTree = "<group>";
			versionGroupType = wrapper.xcdatamodel;
		};
/* End XCVersionGroup section */
	};
	rootObject = 5378747F140109AE00D9B746 /* Project object */;
}
